
Microsoft Visual Studio Solution File, Format Version 12.00
# Visual Studio Version 17
VisualStudioVersion = 17.0.31903.59
MinimumVisualStudioVersion = 10.0.40219.1
Project("{9A19103F-16F7-4668-BE54-9A1E7A4F7556}") = "BreakfastAPI", "BreakfastAPI\BreakfastAPI.csproj", "{32243D4A-76D1-48F0-928E-D8FA1925114A}"
EndProject
Project("{9A19103F-16F7-4668-BE54-9A1E7A4F7556}") = "BreakfastAPI.Contracts", "BreakfastAPI.Contracts\BreakfastAPI.Contracts.csproj", "{86ADC14D-93E0-4161-98EA-0FCB97FE832C}"
EndProject
Project("{FAE04EC0-301F-11D3-BF4B-00C04F79EFBC}") = "BreakfastAPI.Test", "BreakfastAPI.Test\BreakfastAPI.Test.csproj", "{5D9CFB7A-D6CA-40EF-9366-680004A3A864}"
EndProject
Global
	GlobalSection(SolutionConfigurationPlatforms) = preSolution
		Debug|Any CPU = Debug|Any CPU
		Release|Any CPU = Release|Any CPU
	EndGlobalSection
	GlobalSection(ProjectConfigurationPlatforms) = postSolution
		{32243D4A-76D1-48F0-928E-D8FA1925114A}.Debug|Any CPU.ActiveCfg = Debug|Any CPU
		{32243D4A-76D1-48F0-928E-D8FA1925114A}.Debug|Any CPU.Build.0 = Debug|Any CPU
		{32243D4A-76D1-48F0-928E-D8FA1925114A}.Release|Any CPU.ActiveCfg = Release|Any CPU
		{32243D4A-76D1-48F0-928E-D8FA1925114A}.Release|Any CPU.Build.0 = Release|Any CPU
		{86ADC14D-93E0-4161-98EA-0FCB97FE832C}.Debug|Any CPU.ActiveCfg = Debug|Any CPU
		{86ADC14D-93E0-4161-98EA-0FCB97FE832C}.Debug|Any CPU.Build.0 = Debug|Any CPU
		{86ADC14D-93E0-4161-98EA-0FCB97FE832C}.Release|Any CPU.ActiveCfg = Release|Any CPU
		{86ADC14D-93E0-4161-98EA-0FCB97FE832C}.Release|Any CPU.Build.0 = Release|Any CPU
		{5D9CFB7A-D6CA-40EF-9366-680004A3A864}.Debug|Any CPU.ActiveCfg = Debug|Any CPU
		{5D9CFB7A-D6CA-40EF-9366-680004A3A864}.Debug|Any CPU.Build.0 = Debug|Any CPU
		{5D9CFB7A-D6CA-40EF-9366-680004A3A864}.Release|Any CPU.ActiveCfg = Release|Any CPU
		{5D9CFB7A-D6CA-40EF-9366-680004A3A864}.Release|Any CPU.Build.0 = Release|Any CPU
	EndGlobalSection
	GlobalSection(SolutionProperties) = preSolution
		HideSolutionNode = FALSE
	EndGlobalSection
	GlobalSection(ExtensibilityGlobals) = postSolution
		SolutionGuid = {27E33305-5746-4DB8-8E57-6D4B97959365}
	EndGlobalSection
EndGlobal
